// !$*UTF8*$!
{
	archiveVersion = 1;
	classes = {
	};
	objectVersion = 48;
	objects = {

/* Begin PBXBuildFile section */
		E1B519AC1FA87A8200B688A4 /* AppDelegate.m in Sources */ = {isa = PBXBuildFile; fileRef = E1B519AB1FA87A8200B688A4 /* AppDelegate.m */; };
		E1B519AF1FA87A8200B688A4 /* ViewController.m in Sources */ = {isa = PBXBuildFile; fileRef = E1B519AE1FA87A8200B688A4 /* ViewController.m */; };
		E1B519B21FA87A8200B688A4 /* Main.storyboard in Resources */ = {isa = PBXBuildFile; fileRef = E1B519B01FA87A8200B688A4 /* Main.storyboard */; };
		E1B519B41FA87A8200B688A4 /* Assets.xcassets in Resources */ = {isa = PBXBuildFile; fileRef = E1B519B31FA87A8200B688A4 /* Assets.xcassets */; };
		E1B519B71FA87A8200B688A4 /* LaunchScreen.storyboard in Resources */ = {isa = PBXBuildFile; fileRef = E1B519B51FA87A8200B688A4 /* LaunchScreen.storyboard */; };
		E1B519BA1FA87A8200B688A4 /* main.m in Sources */ = {isa = PBXBuildFile; fileRef = E1B519B91FA87A8200B688A4 /* main.m */; };
		E1B519C71FA87ACA00B688A4 /* GJLineChartView.m in Sources */ = {isa = PBXBuildFile; fileRef = E1B519C51FA87AC600B688A4 /* GJLineChartView.m */; };
		E1B519C81FA87ACD00B688A4 /* XAxisView.m in Sources */ = {isa = PBXBuildFile; fileRef = E1B519C61FA87AC600B688A4 /* XAxisView.m */; };
		E1B519C91FA87ACF00B688A4 /* YAxisView.m in Sources */ = {isa = PBXBuildFile; fileRef = E1B519C31FA87AC500B688A4 /* YAxisView.m */; };
		E1B8447D2068D656007D4F1B /* GJChartDrawView.m in Sources */ = {isa = PBXBuildFile; fileRef = E1B8447C2068D656007D4F1B /* GJChartDrawView.m */; };
		E1B844802068D6DF007D4F1B /* UIColor+expanded.m in Sources */ = {isa = PBXBuildFile; fileRef = E1B8447E2068D6DF007D4F1B /* UIColor+expanded.m */; };
/* End PBXBuildFile section */

/* Begin PBXFileReference section */
		E1B519A71FA87A8200B688A4 /* GJLineChartView.app */ = {isa = PBXFileReference; explicitFileType = wrapper.application; includeInIndex = 0; path = GJLineChartView.app; sourceTree = BUILT_PRODUCTS_DIR; };
		E1B519AA1FA87A8200B688A4 /* AppDelegate.h */ = {isa = PBXFileReference; lastKnownFileType = sourcecode.c.h; path = AppDelegate.h; sourceTree = "<group>"; };
		E1B519AB1FA87A8200B688A4 /* AppDelegate.m */ = {isa = PBXFileReference; lastKnownFileType = sourcecode.c.objc; path = AppDelegate.m; sourceTree = "<group>"; };
		E1B519AD1FA87A8200B688A4 /* ViewController.h */ = {isa = PBXFileReference; lastKnownFileType = sourcecode.c.h; path = ViewController.h; sourceTree = "<group>"; };
		E1B519AE1FA87A8200B688A4 /* ViewController.m */ = {isa = PBXFileReference; lastKnownFileType = sourcecode.c.objc; path = ViewController.m; sourceTree = "<group>"; };
		E1B519B11FA87A8200B688A4 /* Base */ = {isa = PBXFileReference; lastKnownFileType = file.storyboard; name = Base; path = Base.lproj/Main.storyboard; sourceTree = "<group>"; };
		E1B519B31FA87A8200B688A4 /* Assets.xcassets */ = {isa = PBXFileReference; lastKnownFileType = folder.assetcatalog; path = Assets.xcassets; sourceTree = "<group>"; };
		E1B519B61FA87A8200B688A4 /* Base */ = {isa = PBXFileReference; lastKnownFileType = file.storyboard; name = Base; path = Base.lproj/LaunchScreen.storyboard; sourceTree = "<group>"; };
		E1B519B81FA87A8200B688A4 /* Info.plist */ = {isa = PBXFileReference; lastKnownFileType = text.plist.xml; path = Info.plist; sourceTree = "<group>"; };
		E1B519B91FA87A8200B688A4 /* main.m */ = {isa = PBXFileReference; lastKnownFileType = sourcecode.c.objc; path = main.m; sourceTree = "<group>"; };
		E1B519C11FA87AC500B688A4 /* YAxisView.h */ = {isa = PBXFileReference; lastKnownFileType = sourcecode.c.h; path = YAxisView.h; sourceTree = "<group>"; };
		E1B519C21FA87AC500B688A4 /* XAxisView.h */ = {isa = PBXFileReference; lastKnownFileType = sourcecode.c.h; path = XAxisView.h; sourceTree = "<group>"; };
		E1B519C31FA87AC500B688A4 /* YAxisView.m */ = {isa = PBXFileReference; lastKnownFileType = sourcecode.c.objc; path = YAxisView.m; sourceTree = "<group>"; };
		E1B519C41FA87AC600B688A4 /* GJLineChartView.h */ = {isa = PBXFileReference; lastKnownFileType = sourcecode.c.h; path = GJLineChartView.h; sourceTree = "<group>"; };
		E1B519C51FA87AC600B688A4 /* GJLineChartView.m */ = {isa = PBXFileReference; lastKnownFileType = sourcecode.c.objc; path = GJLineChartView.m; sourceTree = "<group>"; };
		E1B519C61FA87AC600B688A4 /* XAxisView.m */ = {isa = PBXFileReference; lastKnownFileType = sourcecode.c.objc; path = XAxisView.m; sourceTree = "<group>"; };
		E1B8447B2068D656007D4F1B /* GJChartDrawView.h */ = {isa = PBXFileReference; fileEncoding = 4; lastKnownFileType = sourcecode.c.h; path = GJChartDrawView.h; sourceTree = "<group>"; };
		E1B8447C2068D656007D4F1B /* GJChartDrawView.m */ = {isa = PBXFileReference; fileEncoding = 4; lastKnownFileType = sourcecode.c.objc; path = GJChartDrawView.m; sourceTree = "<group>"; };
		E1B8447E2068D6DF007D4F1B /* UIColor+expanded.m */ = {isa = PBXFileReference; fileEncoding = 4; lastKnownFileType = sourcecode.c.objc; path = "UIColor+expanded.m"; sourceTree = "<group>"; };
		E1B8447F2068D6DF007D4F1B /* UIColor+expanded.h */ = {isa = PBXFileReference; fileEncoding = 4; lastKnownFileType = sourcecode.c.h; path = "UIColor+expanded.h"; sourceTree = "<group>"; };
/* End PBXFileReference section */

/* Begin PBXFrameworksBuildPhase section */
		E1B519A41FA87A8200B688A4 /* Frameworks */ = {
			isa = PBXFrameworksBuildPhase;
			buildActionMask = 2147483647;
			files = (
			);
			runOnlyForDeploymentPostprocessing = 0;
		};
/* End PBXFrameworksBuildPhase section */

/* Begin PBXGroup section */
		E1B5199E1FA87A8200B688A4 = {
			isa = PBXGroup;
			children = (
				E1B519A91FA87A8200B688A4 /* GJLineChartView */,
				E1B519A81FA87A8200B688A4 /* Products */,
			);
			sourceTree = "<group>";
		};
		E1B519A81FA87A8200B688A4 /* Products */ = {
			isa = PBXGroup;
			children = (
				E1B519A71FA87A8200B688A4 /* GJLineChartView.app */,
			);
			name = Products;
			sourceTree = "<group>";
		};
		E1B519A91FA87A8200B688A4 /* GJLineChartView */ = {
			isa = PBXGroup;
			children = (
				E1B519C01FA87AB000B688A4 /* GJLineChartTool */,
				E1B519AA1FA87A8200B688A4 /* AppDelegate.h */,
				E1B519AB1FA87A8200B688A4 /* AppDelegate.m */,
				E1B519AD1FA87A8200B688A4 /* ViewController.h */,
				E1B519AE1FA87A8200B688A4 /* ViewController.m */,
				E1B519B01FA87A8200B688A4 /* Main.storyboard */,
				E1B519B31FA87A8200B688A4 /* Assets.xcassets */,
				E1B519B51FA87A8200B688A4 /* LaunchScreen.storyboard */,
				E1B519B81FA87A8200B688A4 /* Info.plist */,
				E1B519B91FA87A8200B688A4 /* main.m */,
			);
			path = GJLineChartView;
			sourceTree = "<group>";
		};
		E1B519C01FA87AB000B688A4 /* GJLineChartTool */ = {
			isa = PBXGroup;
			children = (
				E1B519C41FA87AC600B688A4 /* GJLineChartView.h */,
				E1B519C51FA87AC600B688A4 /* GJLineChartView.m */,
				E1B8447B2068D656007D4F1B /* GJChartDrawView.h */,
				E1B8447C2068D656007D4F1B /* GJChartDrawView.m */,
				E1B519C21FA87AC500B688A4 /* XAxisView.h */,
				E1B519C61FA87AC600B688A4 /* XAxisView.m */,
				E1B519C11FA87AC500B688A4 /* YAxisView.h */,
				E1B519C31FA87AC500B688A4 /* YAxisView.m */,
				E1B8447F2068D6DF007D4F1B /* UIColor+expanded.h */,
				E1B8447E2068D6DF007D4F1B /* UIColor+expanded.m */,
			);
			path = GJLineChartTool;
			sourceTree = "<group>";
		};
/* End PBXGroup section */

/* Begin PBXNativeTarget section */
		E1B519A61FA87A8200B688A4 /* GJLineChartView */ = {
			isa = PBXNativeTarget;
			buildConfigurationList = E1B519BD1FA87A8200B688A4 /* Build configuration list for PBXNativeTarget "GJLineChartView" */;
			buildPhases = (
				E1B519A31FA87A8200B688A4 /* Sources */,
				E1B519A41FA87A8200B688A4 /* Frameworks */,
				E1B519A51FA87A8200B688A4 /* Resources */,
			);
			buildRules = (
			);
			dependencies = (
			);
			name = GJLineChartView;
			productName = GJLineChartView;
			productReference = E1B519A71FA87A8200B688A4 /* GJLineChartView.app */;
			productType = "com.apple.product-type.application";
		};
/* End PBXNativeTarget section */

/* Begin PBXProject section */
		E1B5199F1FA87A8200B688A4 /* Project object */ = {
			isa = PBXProject;
			attributes = {
				LastUpgradeCheck = 0900;
				ORGANIZATIONNAME = GJ;
				TargetAttributes = {
					E1B519A61FA87A8200B688A4 = {
						CreatedOnToolsVersion = 9.0;
						ProvisioningStyle = Automatic;
					};
				};
			};
			buildConfigurationList = E1B519A21FA87A8200B688A4 /* Build configuration list for PBXProject "GJLineChartView" */;
			compatibilityVersion = "Xcode 8.0";
			developmentRegion = en;
			hasScannedForEncodings = 0;
			knownRegions = (
				en,
				Base,
			);
			mainGroup = E1B5199E1FA87A8200B688A4;
			productRefGroup = E1B519A81FA87A8200B688A4 /* Products */;
			projectDirPath = "";
			projectRoot = "";
			targets = (
				E1B519A61FA87A8200B688A4 /* GJLineChartView */,
			);
		};
/* End PBXProject section */

/* Begin PBXResourcesBuildPhase section */
		E1B519A51FA87A8200B688A4 /* Resources */ = {
			isa = PBXResourcesBuildPhase;
			buildActionMask = 2147483647;
			files = (
				E1B519B71FA87A8200B688A4 /* LaunchScreen.storyboard in Resources */,
				E1B519B41FA87A8200B688A4 /* Assets.xcassets in Resources */,
				E1B519B21FA87A8200B688A4 /* Main.storyboard in Resources */,
			);
			runOnlyForDeploymentPostprocessing = 0;
		};
/* End PBXResourcesBuildPhase section */

/* Begin PBXSourcesBuildPhase section */
		E1B519A31FA87A8200B688A4 /* Sources */ = {
			isa = PBXSourcesBuildPhase;
			buildActionMask = 2147483647;
			files = (
				E1B519AF1FA87A8200B688A4 /* ViewController.m in Sources */,
				E1B519C91FA87ACF00B688A4 /* YAxisView.m in Sources */,
				E1B519BA1FA87A8200B688A4 /* main.m in Sources */,
				E1B519AC1FA87A8200B688A4 /* AppDelegate.m in Sources */,
				E1B8447D2068D656007D4F1B /* GJChartDrawView.m in Sources */,
				E1B519C81FA87ACD00B688A4 /* XAxisView.m in Sources */,
				E1B844802068D6DF007D4F1B /* UIColor+expanded.m in Sources */,
				E1B519C71FA87ACA00B688A4 /* GJLineChartView.m in Sources */,
			);
			runOnlyForDeploymentPostprocessing = 0;
		};
/* End PBXSourcesBuildPhase section */

/* Begin PBXVariantGroup section */
		E1B519B01FA87A8200B688A4 /* Main.storyboard */ = {
			isa = PBXVariantGroup;
			children = (
				E1B519B11FA87A8200B688A4 /* Base */,
			);
			name = Main.storyboard;
			sourceTree = "<group>";
		};
		E1B519B51FA87A8200B688A4 /* LaunchScreen.storyboard */ = {
			isa = PBXVariantGroup;
			children = (
				E1B519B61FA87A8200B688A4 /* Base */,
			);
			name = LaunchScreen.storyboard;
			sourceTree = "<group>";
		};
/* End PBXVariantGroup section */

/* Begin XCBuildConfiguration section */
		E1B519BB1FA87A8200B688A4 /* Debug */ = {
			isa = XCBuildConfiguration;
			buildSettings = {
				ALWAYS_SEARCH_USER_PATHS = NO;
				CLANG_ANALYZER_NONNULL = YES;
				CLANG_ANALYZER_NUMBER_OBJECT_CONVERSION = YES_AGGRESSIVE;
				CLANG_CXX_LANGUAGE_STANDARD = "gnu++14";
				CLANG_CXX_LIBRARY = "libc++";
				CLANG_ENABLE_MODULES = YES;
				CLANG_ENABLE_OBJC_ARC = YES;
				CLANG_WARN_BLOCK_CAPTURE_AUTORELEASING = YES;
				CLANG_WARN_BOOL_CONVERSION = YES;
				CLANG_WARN_COMMA = YES;
				CLANG_WARN_CONSTANT_CONVERSION = YES;
				CLANG_WARN_DIRECT_OBJC_ISA_USAGE = YES_ERROR;
				CLANG_WARN_DOCUMENTATION_COMMENTS = YES;
				CLANG_WARN_EMPTY_BODY = YES;
				CLANG_WARN_ENUM_CONVERSION = YES;
				CLANG_WARN_INFINITE_RECURSION = YES;
				CLANG_WARN_INT_CONVERSION = YES;
				CLANG_WARN_NON_LITERAL_NULL_CONVERSION = YES;
				CLANG_WARN_OBJC_LITERAL_CONVERSION = YES;
				CLANG_WARN_OBJC_ROOT_CLASS = YES_ERROR;
				CLANG_WARN_RANGE_LOOP_ANALYSIS = YES;
				CLANG_WARN_STRICT_PROTOTYPES = YES;
				CLANG_WARN_SUSPICIOUS_MOVE = YES;
				CLANG_WARN_UNGUARDED_AVAILABILITY = YES_AGGRESSIVE;
				CLANG_WARN_UNREACHABLE_CODE = YES;
				CLANG_WARN__DUPLICATE_METHOD_MATCH = YES;
				CODE_SIGN_IDENTITY = "iPhone Developer";
				COPY_PHASE_STRIP = NO;
				DEBUG_INFORMATION_FORMAT = dwarf;
				ENABLE_STRICT_OBJC_MSGSEND = YES;
				ENABLE_TESTABILITY = YES;
				GCC_C_LANGUAGE_STANDARD = gnu11;
				GCC_DYNAMIC_NO_PIC = NO;
				GCC_NO_COMMON_BLOCKS = YES;
				GCC_OPTIMIZATION_LEVEL = 0;
				GCC_PREPROCESSOR_DEFINITIONS = (
					"DEBUG=1",
					"$(inherited)",
				);
				GCC_WARN_64_TO_32_BIT_CONVERSION = YES;
				GCC_WARN_ABOUT_RETURN_TYPE = YES_ERROR;
				GCC_WARN_UNDECLARED_SELECTOR = YES;
				GCC_WARN_UNINITIALIZED_AUTOS = YES_AGGRESSIVE;
				GCC_WARN_UNUSED_FUNCTION = YES;
				GCC_WARN_UNUSED_VARIABLE = YES;
				IPHONEOS_DEPLOYMENT_TARGET = 11.0;
				MTL_ENABLE_DEBUG_INFO = YES;
				ONLY_ACTIVE_ARCH = YES;
				SDKROOT = iphoneos;
			};
			name = Debug;
		};
		E1B519BC1FA87A8200B688A4 /* Release */ = {
			isa = XCBuildConfiguration;
			buildSettings = {
				ALWAYS_SEARCH_USER_PATHS = NO;
				CLANG_ANALYZER_NONNULL = YES;
				CLANG_ANALYZER_NUMBER_OBJECT_CONVERSION = YES_AGGRESSIVE;
				CLANG_CXX_LANGUAGE_STANDARD = "gnu++14";
				CLANG_CXX_LIBRARY = "libc++";
				CLANG_ENABLE_MODULES = YES;
				CLANG_ENABLE_OBJC_ARC = YES;
				CLANG_WARN_BLOCK_CAPTURE_AUTORELEASING = YES;
				CLANG_WARN_BOOL_CONVERSION = YES;
				CLANG_WARN_COMMA = YES;
				CLANG_WARN_CONSTANT_CONVERSION = YES;
				CLANG_WARN_DIRECT_OBJC_ISA_USAGE = YES_ERROR;
				CLANG_WARN_DOCUMENTATION_COMMENTS = YES;
				CLANG_WARN_EMPTY_BODY = YES;
				CLANG_WARN_ENUM_CONVERSION = YES;
				CLANG_WARN_INFINITE_RECURSION = YES;
				CLANG_WARN_INT_CONVERSION = YES;
				CLANG_WARN_NON_LITERAL_NULL_CONVERSION = YES;
				CLANG_WARN_OBJC_LITERAL_CONVERSION = YES;
				CLANG_WARN_OBJC_ROOT_CLASS = YES_ERROR;
				CLANG_WARN_RANGE_LOOP_ANALYSIS = YES;
				CLANG_WARN_STRICT_PROTOTYPES = YES;
				CLANG_WARN_SUSPICIOUS_MOVE = YES;
				CLANG_WARN_UNGUARDED_AVAILABILITY = YES_AGGRESSIVE;
				CLANG_WARN_UNREACHABLE_CODE = YES;
				CLANG_WARN__DUPLICATE_METHOD_MATCH = YES;
				CODE_SIGN_IDENTITY = "iPhone Developer";
				COPY_PHASE_STRIP = NO;
				DEBUG_INFORMATION_FORMAT = "dwarf-with-dsym";
				ENABLE_NS_ASSERTIONS = NO;
				ENABLE_STRICT_OBJC_MSGSEND = YES;
				GCC_C_LANGUAGE_STANDARD = gnu11;
				GCC_NO_COMMON_BLOCKS = YES;
				GCC_WARN_64_TO_32_BIT_CONVERSION = YES;
				GCC_WARN_ABOUT_RETURN_TYPE = YES_ERROR;
				GCC_WARN_UNDECLARED_SELECTOR = YES;
				GCC_WARN_UNINITIALIZED_AUTOS = YES_AGGRESSIVE;
				GCC_WARN_UNUSED_FUNCTION = YES;
				GCC_WARN_UNUSED_VARIABLE = YES;
				IPHONEOS_DEPLOYMENT_TARGET = 11.0;
				MTL_ENABLE_DEBUG_INFO = NO;
				SDKROOT = iphoneos;
				VALIDATE_PRODUCT = YES;
			};
			name = Release;
		};
		E1B519BE1FA87A8200B688A4 /* Debug */ = {
			isa = XCBuildConfiguration;
			buildSettings = {
				ASSETCATALOG_COMPILER_APPICON_NAME = AppIcon;
				CODE_SIGN_STYLE = Automatic;
				DEVELOPMENT_TEAM = NS2J6E32M9;
				INFOPLIST_FILE = GJLineChartView/Info.plist;
				IPHONEOS_DEPLOYMENT_TARGET = 9.0;
				LD_RUNPATH_SEARCH_PATHS = "$(inherited) @executable_path/Frameworks";
				PRODUCT_BUNDLE_IDENTIFIER = com.GJ.GJLineChartView;
				PRODUCT_NAME = "$(TARGET_NAME)";
				TARGETED_DEVICE_FAMILY = "1,2";
			};
			name = Debug;
		};
		E1B519BF1FA87A8200B688A4 /* Release */ = {
			isa = XCBuildConfiguration;
			buildSettings = {
				ASSETCATALOG_COMPILER_APPICON_NAME = AppIcon;
				CODE_SIGN_STYLE = Automatic;
				DEVELOPMENT_TEAM = NS2J6E32M9;
				INFOPLIST_FILE = GJLineChartView/Info.plist;
				IPHONEOS_DEPLOYMENT_TARGET = 9.0;
				LD_RUNPATH_SEARCH_PATHS = "$(inherited) @executable_path/Frameworks";
				PRODUCT_BUNDLE_IDENTIFIER = com.GJ.GJLineChartView;
				PRODUCT_NAME = "$(TARGET_NAME)";
				TARGETED_DEVICE_FAMILY = "1,2";
			};
			name = Release;
		};
/* End XCBuildConfiguration section */

/* Begin XCConfigurationList section */
		E1B519A21FA87A8200B688A4 /* Build configuration list for PBXProject "GJLineChartView" */ = {
			isa = XCConfigurationList;
			buildConfigurations = (
				E1B519BB1FA87A8200B688A4 /* Debug */,
				E1B519BC1FA87A8200B688A4 /* Release */,
			);
			defaultConfigurationIsVisible = 0;
			defaultConfigurationName = Release;
		};
		E1B519BD1FA87A8200B688A4 /* Build configuration list for PBXNativeTarget "GJLineChartView" */ = {
			isa = XCConfigurationList;
			buildConfigurations = (
				E1B519BE1FA87A8200B688A4 /* Debug */,
				E1B519BF1FA87A8200B688A4 /* Release */,
			);
			defaultConfigurationIsVisible = 0;
			defaultConfigurationName = Release;
		};
/* End XCConfigurationList section */
	};
	rootObject = E1B5199F1FA87A8200B688A4 /* Project object */;
}
